{
  "name": "organizer",
  "version": "1.0.0",
  "lockfileVersion": 1,
  "requires": true,
  "dependencies": {
    "@ff0000-ad-tech/unix-path-literal": {
      "version": "git://github.com/gmcdev/unix-path-literal.git#6b96d77d725aa6c72985560a379dc8b8212e49fd",
      "from": "git://github.com/gmcdev/unix-path-literal.git"
    },
    "fecha": {
      "version": "3.0.3",
      "resolved": "https://registry.npmjs.org/fecha/-/fecha-3.0.3.tgz",
      "integrity": "sha512-6LQK/1jud/FZnfEEZJ7y81vw7ge81DNd/XEsX0hgMUjhS+QMljkb1C0czBaP7dMNRVrd5mw/J2J7qI2Nw+TWZw=="
    },
    "minimist": {
      "version": "1.2.0",
      "resolved": "https://registry.npmjs.org/minimist/-/minimist-1.2.0.tgz",
      "integrity": "sha1-o1AIsg9BOD7sH7kU9M1d95omQoQ="
    },
    "readline-sync": {
      "version": "1.4.9",
      "resolved": "https://registry.npmjs.org/readline-sync/-/readline-sync-1.4.9.tgz",
      "integrity": "sha1-PtqOZfI80qF+YTAbHwADOWr17No="
    }
  }
}
